// !$*UTF8*$!
{
	archiveVersion = 1;
	classes = {
	};
	objectVersion = 46;
	objects = {

/* Begin PBXBuildFile section */
		8296455C1B752C22007E7903 /* AppDelegate.swift in Sources */ = {isa = PBXBuildFile; fileRef = 8296455B1B752C22007E7903 /* AppDelegate.swift */; };
		8296455E1B752C22007E7903 /* ViewController.swift in Sources */ = {isa = PBXBuildFile; fileRef = 8296455D1B752C22007E7903 /* ViewController.swift */; };
		829645611B752C22007E7903 /* Main.storyboard in Resources */ = {isa = PBXBuildFile; fileRef = 8296455F1B752C22007E7903 /* Main.storyboard */; };
		829645631B752C22007E7903 /* Images.xcassets in Resources */ = {isa = PBXBuildFile; fileRef = 829645621B752C22007E7903 /* Images.xcassets */; };
		829645661B752C22007E7903 /* LaunchScreen.xib in Resources */ = {isa = PBXBuildFile; fileRef = 829645641B752C22007E7903 /* LaunchScreen.xib */; };
		829645721B752C22007E7903 /* tickleAppTests.swift in Sources */ = {isa = PBXBuildFile; fileRef = 829645711B752C22007E7903 /* tickleAppTests.swift */; };
/* End PBXBuildFile section */

/* Begin PBXContainerItemProxy section */
		8296456C1B752C22007E7903 /* PBXContainerItemProxy */ = {
			isa = PBXContainerItemProxy;
			containerPortal = 8296454E1B752C22007E7903 /* Project object */;
			proxyType = 1;
			remoteGlobalIDString = 829645551B752C22007E7903;
			remoteInfo = tickleApp;
		};
		829645821B752C47007E7903 /* PBXContainerItemProxy */ = {
			isa = PBXContainerItemProxy;
			containerPortal = 8296457B1B752C47007E7903 /* Alamofire.xcodeproj */;
			proxyType = 2;
			remoteGlobalIDString = F8111E3319A95C8B0040E7D1;
			remoteInfo = "Alamofire iOS";
		};
		829645841B752C47007E7903 /* PBXContainerItemProxy */ = {
			isa = PBXContainerItemProxy;
			containerPortal = 8296457B1B752C47007E7903 /* Alamofire.xcodeproj */;
			proxyType = 2;
			remoteGlobalIDString = 4DD67C0B1A5C55C900ED2280;
			remoteInfo = "Alamofire OSX";
		};
		829645861B752C47007E7903 /* PBXContainerItemProxy */ = {
			isa = PBXContainerItemProxy;
			containerPortal = 8296457B1B752C47007E7903 /* Alamofire.xcodeproj */;
			proxyType = 2;
			remoteGlobalIDString = F8111E3E19A95C8B0040E7D1;
			remoteInfo = "Alamofire iOS Tests";
		};
		829645881B752C47007E7903 /* PBXContainerItemProxy */ = {
			isa = PBXContainerItemProxy;
			containerPortal = 8296457B1B752C47007E7903 /* Alamofire.xcodeproj */;
			proxyType = 2;
			remoteGlobalIDString = F829C6B21A7A94F100A2CD59;
			remoteInfo = "Alamofire OSX Tests";
		};
		8296458A1B752EE0007E7903 /* PBXContainerItemProxy */ = {
			isa = PBXContainerItemProxy;
			containerPortal = 8296457B1B752C47007E7903 /* Alamofire.xcodeproj */;
			proxyType = 1;
			remoteGlobalIDString = F8111E3219A95C8B0040E7D1;
			remoteInfo = "Alamofire iOS";
		};
/* End PBXContainerItemProxy section */

/* Begin PBXFileReference section */
		829645561B752C22007E7903 /* tickleApp.app */ = {isa = PBXFileReference; explicitFileType = wrapper.application; includeInIndex = 0; path = tickleApp.app; sourceTree = BUILT_PRODUCTS_DIR; };
		8296455A1B752C22007E7903 /* Info.plist */ = {isa = PBXFileReference; lastKnownFileType = text.plist.xml; path = Info.plist; sourceTree = "<group>"; };
		8296455B1B752C22007E7903 /* AppDelegate.swift */ = {isa = PBXFileReference; lastKnownFileType = sourcecode.swift; path = AppDelegate.swift; sourceTree = "<group>"; };
		8296455D1B752C22007E7903 /* ViewController.swift */ = {isa = PBXFileReference; lastKnownFileType = sourcecode.swift; path = ViewController.swift; sourceTree = "<group>"; };
		829645601B752C22007E7903 /* Base */ = {isa = PBXFileReference; lastKnownFileType = file.storyboard; name = Base; path = Base.lproj/Main.storyboard; sourceTree = "<group>"; };
		829645621B752C22007E7903 /* Images.xcassets */ = {isa = PBXFileReference; lastKnownFileType = folder.assetcatalog; path = Images.xcassets; sourceTree = "<group>"; };
		829645651B752C22007E7903 /* Base */ = {isa = PBXFileReference; lastKnownFileType = file.xib; name = Base; path = Base.lproj/LaunchScreen.xib; sourceTree = "<group>"; };
		8296456B1B752C22007E7903 /* tickleAppTests.xctest */ = {isa = PBXFileReference; explicitFileType = wrapper.cfbundle; includeInIndex = 0; path = tickleAppTests.xctest; sourceTree = BUILT_PRODUCTS_DIR; };
		829645701B752C22007E7903 /* Info.plist */ = {isa = PBXFileReference; lastKnownFileType = text.plist.xml; path = Info.plist; sourceTree = "<group>"; };
		829645711B752C22007E7903 /* tickleAppTests.swift */ = {isa = PBXFileReference; lastKnownFileType = sourcecode.swift; path = tickleAppTests.swift; sourceTree = "<group>"; };
		8296457B1B752C47007E7903 /* Alamofire.xcodeproj */ = {isa = PBXFileReference; lastKnownFileType = "wrapper.pb-project"; name = Alamofire.xcodeproj; path = "Alamofire-master/Alamofire.xcodeproj"; sourceTree = "<group>"; };
/* End PBXFileReference section */

/* Begin PBXFrameworksBuildPhase section */
		829645531B752C22007E7903 /* Frameworks */ = {
			isa = PBXFrameworksBuildPhase;
			buildActionMask = 2147483647;
			files = (
			);
			runOnlyForDeploymentPostprocessing = 0;
		};
		829645681B752C22007E7903 /* Frameworks */ = {
			isa = PBXFrameworksBuildPhase;
			buildActionMask = 2147483647;
			files = (
			);
			runOnlyForDeploymentPostprocessing = 0;
		};
/* End PBXFrameworksBuildPhase section */

/* Begin PBXGroup section */
		8296454D1B752C22007E7903 = {
			isa = PBXGroup;
			children = (
				8296457B1B752C47007E7903 /* Alamofire.xcodeproj */,
				829645581B752C22007E7903 /* tickleApp */,
				8296456E1B752C22007E7903 /* tickleAppTests */,
				829645571B752C22007E7903 /* Products */,
			);
			sourceTree = "<group>";
		};
		829645571B752C22007E7903 /* Products */ = {
			isa = PBXGroup;
			children = (
				829645561B752C22007E7903 /* tickleApp.app */,
				8296456B1B752C22007E7903 /* tickleAppTests.xctest */,
			);
			name = Products;
			sourceTree = "<group>";
		};
		829645581B752C22007E7903 /* tickleApp */ = {
			isa = PBXGroup;
			children = (
				8296455B1B752C22007E7903 /* AppDelegate.swift */,
				8296455D1B752C22007E7903 /* ViewController.swift */,
				8296455F1B752C22007E7903 /* Main.storyboard */,
				829645621B752C22007E7903 /* Images.xcassets */,
				829645641B752C22007E7903 /* LaunchScreen.xib */,
				829645591B752C22007E7903 /* Supporting Files */,
			);
			path = tickleApp;
			sourceTree = "<group>";
		};
		829645591B752C22007E7903 /* Supporting Files */ = {
			isa = PBXGroup;
			children = (
				8296455A1B752C22007E7903 /* Info.plist */,
			);
			name = "Supporting Files";
			sourceTree = "<group>";
		};
		8296456E1B752C22007E7903 /* tickleAppTests */ = {
			isa = PBXGroup;
			children = (
				829645711B752C22007E7903 /* tickleAppTests.swift */,
				8296456F1B752C22007E7903 /* Supporting Files */,
			);
			path = tickleAppTests;
			sourceTree = "<group>";
		};
		8296456F1B752C22007E7903 /* Supporting Files */ = {
			isa = PBXGroup;
			children = (
				829645701B752C22007E7903 /* Info.plist */,
			);
			name = "Supporting Files";
			sourceTree = "<group>";
		};
		8296457C1B752C47007E7903 /* Products */ = {
			isa = PBXGroup;
			children = (
				829645831B752C47007E7903 /* Alamofire.framework */,
				829645851B752C47007E7903 /* Alamofire.framework */,
				829645871B752C47007E7903 /* Alamofire iOS Tests.xctest */,
				829645891B752C47007E7903 /* Alamofire OSX Tests.xctest */,
			);
			name = Products;
			sourceTree = "<group>";
		};
/* End PBXGroup section */

/* Begin PBXNativeTarget section */
		829645551B752C22007E7903 /* tickleApp */ = {
			isa = PBXNativeTarget;
			buildConfigurationList = 829645751B752C22007E7903 /* Build configuration list for PBXNativeTarget "tickleApp" */;
			buildPhases = (
				829645521B752C22007E7903 /* Sources */,
				829645531B752C22007E7903 /* Frameworks */,
				829645541B752C22007E7903 /* Resources */,
			);
			buildRules = (
			);
			dependencies = (
				8296458B1B752EE0007E7903 /* PBXTargetDependency */,
			);
			name = tickleApp;
			productName = tickleApp;
			productReference = 829645561B752C22007E7903 /* tickleApp.app */;
			productType = "com.apple.product-type.application";
		};
		8296456A1B752C22007E7903 /* tickleAppTests */ = {
			isa = PBXNativeTarget;
			buildConfigurationList = 829645781B752C22007E7903 /* Build configuration list for PBXNativeTarget "tickleAppTests" */;
			buildPhases = (
				829645671B752C22007E7903 /* Sources */,
				829645681B752C22007E7903 /* Frameworks */,
				829645691B752C22007E7903 /* Resources */,
			);
			buildRules = (
			);
			dependencies = (
				8296456D1B752C22007E7903 /* PBXTargetDependency */,
			);
			name = tickleAppTests;
			productName = tickleAppTests;
			productReference = 8296456B1B752C22007E7903 /* tickleAppTests.xctest */;
			productType = "com.apple.product-type.bundle.unit-test";
		};
/* End PBXNativeTarget section */

/* Begin PBXProject section */
		8296454E1B752C22007E7903 /* Project object */ = {
			isa = PBXProject;
			attributes = {
				LastUpgradeCheck = 0640;
				ORGANIZATIONNAME = "Kanako Kobayashi";
				TargetAttributes = {
					829645551B752C22007E7903 = {
						CreatedOnToolsVersion = 6.4;
					};
					8296456A1B752C22007E7903 = {
						CreatedOnToolsVersion = 6.4;
						TestTargetID = 829645551B752C22007E7903;
					};
				};
			};
			buildConfigurationList = 829645511B752C22007E7903 /* Build configuration list for PBXProject "tickleApp" */;
			compatibilityVersion = "Xcode 3.2";
			developmentRegion = English;
			hasScannedForEncodings = 0;
			knownRegions = (
				en,
				Base,
			);
			mainGroup = 8296454D1B752C22007E7903;
			productRefGroup = 829645571B752C22007E7903 /* Products */;
			projectDirPath = "";
			projectReferences = (
				{
					ProductGroup = 8296457C1B752C47007E7903 /* Products */;
					ProjectRef = 8296457B1B752C47007E7903 /* Alamofire.xcodeproj */;
				},
			);
			projectRoot = "";
			targets = (
				829645551B752C22007E7903 /* tickleApp */,
				8296456A1B752C22007E7903 /* tickleAppTests */,
			);
		};
/* End PBXProject section */

/* Begin PBXReferenceProxy section */
		829645831B752C47007E7903 /* Alamofire.framework */ = {
			isa = PBXReferenceProxy;
			fileType = wrapper.framework;
			path = Alamofire.framework;
			remoteRef = 829645821B752C47007E7903 /* PBXContainerItemProxy */;
			sourceTree = BUILT_PRODUCTS_DIR;
		};
		829645851B752C47007E7903 /* Alamofire.framework */ = {
			isa = PBXReferenceProxy;
			fileType = wrapper.framework;
			path = Alamofire.framework;
			remoteRef = 829645841B752C47007E7903 /* PBXContainerItemProxy */;
			sourceTree = BUILT_PRODUCTS_DIR;
		};
		829645871B752C47007E7903 /* Alamofire iOS Tests.xctest */ = {
			isa = PBXReferenceProxy;
			fileType = wrapper.cfbundle;
			path = "Alamofire iOS Tests.xctest";
			remoteRef = 829645861B752C47007E7903 /* PBXContainerItemProxy */;
			sourceTree = BUILT_PRODUCTS_DIR;
		};
		829645891B752C47007E7903 /* Alamofire OSX Tests.xctest */ = {
			isa = PBXReferenceProxy;
			fileType = wrapper.cfbundle;
			path = "Alamofire OSX Tests.xctest";
			remoteRef = 829645881B752C47007E7903 /* PBXContainerItemProxy */;
			sourceTree = BUILT_PRODUCTS_DIR;
		};
/* End PBXReferenceProxy section */

/* Begin PBXResourcesBuildPhase section */
		829645541B752C22007E7903 /* Resources */ = {
			isa = PBXResourcesBuildPhase;
			buildActionMask = 2147483647;
			files = (
				829645611B752C22007E7903 /* Main.storyboard in Resources */,
				829645661B752C22007E7903 /* LaunchScreen.xib in Resources */,
				829645631B752C22007E7903 /* Images.xcassets in Resources */,
			);
			runOnlyForDeploymentPostprocessing = 0;
		};
		829645691B752C22007E7903 /* Resources */ = {
			isa = PBXResourcesBuildPhase;
			buildActionMask = 2147483647;
			files = (
			);
			runOnlyForDeploymentPostprocessing = 0;
		};
/* End PBXResourcesBuildPhase section */

/* Begin PBXSourcesBuildPhase section */
		829645521B752C22007E7903 /* Sources */ = {
			isa = PBXSourcesBuildPhase;
			buildActionMask = 2147483647;
			files = (
				8296455E1B752C22007E7903 /* ViewController.swift in Sources */,
				8296455C1B752C22007E7903 /* AppDelegate.swift in Sources */,
			);
			runOnlyForDeploymentPostprocessing = 0;
		};
		829645671B752C22007E7903 /* Sources */ = {
			isa = PBXSourcesBuildPhase;
			buildActionMask = 2147483647;
			files = (
				829645721B752C22007E7903 /* tickleAppTests.swift in Sources */,
			);
			runOnlyForDeploymentPostprocessing = 0;
		};
/* End PBXSourcesBuildPhase section */

/* Begin PBXTargetDependency section */
		8296456D1B752C22007E7903 /* PBXTargetDependency */ = {
			isa = PBXTargetDependency;
			target = 829645551B752C22007E7903 /* tickleApp */;
			targetProxy = 8296456C1B752C22007E7903 /* PBXContainerItemProxy */;
		};
		8296458B1B752EE0007E7903 /* PBXTargetDependency */ = {
			isa = PBXTargetDependency;
			name = "Alamofire iOS";
			targetProxy = 8296458A1B752EE0007E7903 /* PBXContainerItemProxy */;
		};
/* End PBXTargetDependency section */

/* Begin PBXVariantGroup section */
		8296455F1B752C22007E7903 /* Main.storyboard */ = {
			isa = PBXVariantGroup;
			children = (
				829645601B752C22007E7903 /* Base */,
			);
			name = Main.storyboard;
			sourceTree = "<group>";
		};
		829645641B752C22007E7903 /* LaunchScreen.xib */ = {
			isa = PBXVariantGroup;
			children = (
				829645651B752C22007E7903 /* Base */,
			);
			name = LaunchScreen.xib;
			sourceTree = "<group>";
		};
/* End PBXVariantGroup section */

/* Begin XCBuildConfiguration section */
		829645731B752C22007E7903 /* Debug */ = {
			isa = XCBuildConfiguration;
			buildSettings = {
				ALWAYS_SEARCH_USER_PATHS = NO;
				CLANG_CXX_LANGUAGE_STANDARD = "gnu++0x";
				CLANG_CXX_LIBRARY = "libc++";
				CLANG_ENABLE_MODULES = YES;
				CLANG_ENABLE_OBJC_ARC = YES;
				CLANG_WARN_BOOL_CONVERSION = YES;
				CLANG_WARN_CONSTANT_CONVERSION = YES;
				CLANG_WARN_DIRECT_OBJC_ISA_USAGE = YES_ERROR;
				CLANG_WARN_EMPTY_BODY = YES;
				CLANG_WARN_ENUM_CONVERSION = YES;
				CLANG_WARN_INT_CONVERSION = YES;
				CLANG_WARN_OBJC_ROOT_CLASS = YES_ERROR;
				CLANG_WARN_UNREACHABLE_CODE = YES;
				CLANG_WARN__DUPLICATE_METHOD_MATCH = YES;
				"CODE_SIGN_IDENTITY[sdk=iphoneos*]" = "iPhone Developer";
				COPY_PHASE_STRIP = NO;
				DEBUG_INFORMATION_FORMAT = "dwarf-with-dsym";
				ENABLE_STRICT_OBJC_MSGSEND = YES;
				GCC_C_LANGUAGE_STANDARD = gnu99;
				GCC_DYNAMIC_NO_PIC = NO;
				GCC_NO_COMMON_BLOCKS = YES;
				GCC_OPTIMIZATION_LEVEL = 0;
				GCC_PREPROCESSOR_DEFINITIONS = (
					"DEBUG=1",
					"$(inherited)",
				);
				GCC_SYMBOLS_PRIVATE_EXTERN = NO;
				GCC_WARN_64_TO_32_BIT_CONVERSION = YES;
				GCC_WARN_ABOUT_RETURN_TYPE = YES_ERROR;
				GCC_WARN_UNDECLARED_SELECTOR = YES;
				GCC_WARN_UNINITIALIZED_AUTOS = YES_AGGRESSIVE;
				GCC_WARN_UNUSED_FUNCTION = YES;
				GCC_WARN_UNUSED_VARIABLE = YES;
				IPHONEOS_DEPLOYMENT_TARGET = 8.4;
				MTL_ENABLE_DEBUG_INFO = YES;
				ONLY_ACTIVE_ARCH = YES;
				SDKROOT = iphoneos;
				SWIFT_OPTIMIZATION_LEVEL = "-Onone";
				TARGETED_DEVICE_FAMILY = "1,2";
			};
			name = Debug;
		};
		829645741B752C22007E7903 /* Release */ = {
			isa = XCBuildConfiguration;
			buildSettings = {
				ALWAYS_SEARCH_USER_PATHS = NO;
				CLANG_CXX_LANGUAGE_STANDARD = "gnu++0x";
				CLANG_CXX_LIBRARY = "libc++";
				CLANG_ENABLE_MODULES = YES;
				CLANG_ENABLE_OBJC_ARC = YES;
				CLANG_WARN_BOOL_CONVERSION = YES;
				CLANG_WARN_CONSTANT_CONVERSION = YES;
				CLANG_WARN_DIRECT_OBJC_ISA_USAGE = YES_ERROR;
				CLANG_WARN_EMPTY_BODY = YES;
				CLANG_WARN_ENUM_CONVERSION = YES;
				CLANG_WARN_INT_CONVERSION = YES;
				CLANG_WARN_OBJC_ROOT_CLASS = YES_ERROR;
				CLANG_WARN_UNREACHABLE_CODE = YES;
				CLANG_WARN__DUPLICATE_METHOD_MATCH = YES;
				"CODE_SIGN_IDENTITY[sdk=iphoneos*]" = "iPhone Developer";
				COPY_PHASE_STRIP = NO;
				DEBUG_INFORMATION_FORMAT = "dwarf-with-dsym";
				ENABLE_NS_ASSERTIONS = NO;
				ENABLE_STRICT_OBJC_MSGSEND = YES;
				GCC_C_LANGUAGE_STANDARD = gnu99;
				GCC_NO_COMMON_BLOCKS = YES;
				GCC_WARN_64_TO_32_BIT_CONVERSION = YES;
				GCC_WARN_ABOUT_RETURN_TYPE = YES_ERROR;
				GCC_WARN_UNDECLARED_SELECTOR = YES;
				GCC_WARN_UNINITIALIZED_AUTOS = YES_AGGRESSIVE;
				GCC_WARN_UNUSED_FUNCTION = YES;
				GCC_WARN_UNUSED_VARIABLE = YES;
				IPHONEOS_DEPLOYMENT_TARGET = 8.4;
				MTL_ENABLE_DEBUG_INFO = NO;
				SDKROOT = iphoneos;
				TARGETED_DEVICE_FAMILY = "1,2";
				VALIDATE_PRODUCT = YES;
			};
			name = Release;
		};
		829645761B752C22007E7903 /* Debug */ = {
			isa = XCBuildConfiguration;
			buildSettings = {
				ASSETCATALOG_COMPILER_APPICON_NAME = AppIcon;
				INFOPLIST_FILE = tickleApp/Info.plist;
				LD_RUNPATH_SEARCH_PATHS = "$(inherited) @executable_path/Frameworks";
				PRODUCT_NAME = "$(TARGET_NAME)";
			};
			name = Debug;
		};
		829645771B752C22007E7903 /* Release */ = {
			isa = XCBuildConfiguration;
			buildSettings = {
				ASSETCATALOG_COMPILER_APPICON_NAME = AppIcon;
				INFOPLIST_FILE = tickleApp/Info.plist;
				LD_RUNPATH_SEARCH_PATHS = "$(inherited) @executable_path/Frameworks";
				PRODUCT_NAME = "$(TARGET_NAME)";
			};
			name = Release;
		};
		829645791B752C22007E7903 /* Debug */ = {
			isa = XCBuildConfiguration;
			buildSettings = {
				BUNDLE_LOADER = "$(TEST_HOST)";
				FRAMEWORK_SEARCH_PATHS = (
					"$(SDKROOT)/Developer/Library/Frameworks",
					"$(inherited)",
				);
				GCC_PREPROCESSOR_DEFINITIONS = (
					"DEBUG=1",
					"$(inherited)",
				);
				INFOPLIST_FILE = tickleAppTests/Info.plist;
				LD_RUNPATH_SEARCH_PATHS = "$(inherited) @executable_path/Frameworks @loader_path/Frameworks";
				PRODUCT_NAME = "$(TARGET_NAME)";
				TEST_HOST = "$(BUILT_PRODUCTS_DIR)/tickleApp.app/tickleApp";
			};
			name = Debug;
		};
		8296457A1B752C22007E7903 /* Release */ = {
			isa = XCBuildConfiguration;
			buildSettings = {
				BUNDLE_LOADER = "$(TEST_HOST)";
				FRAMEWORK_SEARCH_PATHS = (
					"$(SDKROOT)/Developer/Library/Frameworks",
					"$(inherited)",
				);
				INFOPLIST_FILE = tickleAppTests/Info.plist;
				LD_RUNPATH_SEARCH_PATHS = "$(inherited) @executable_path/Frameworks @loader_path/Frameworks";
				PRODUCT_NAME = "$(TARGET_NAME)";
				TEST_HOST = "$(BUILT_PRODUCTS_DIR)/tickleApp.app/tickleApp";
			};
			name = Release;
		};
/* End XCBuildConfiguration section */

/* Begin XCConfigurationList section */
		829645511B752C22007E7903 /* Build configuration list for PBXProject "tickleApp" */ = {
			isa = XCConfigurationList;
			buildConfigurations = (
				829645731B752C22007E7903 /* Debug */,
				829645741B752C22007E7903 /* Release */,
			);
			defaultConfigurationIsVisible = 0;
			defaultConfigurationName = Release;
		};
		829645751B752C22007E7903 /* Build configuration list for PBXNativeTarget "tickleApp" */ = {
			isa = XCConfigurationList;
			buildConfigurations = (
				829645761B752C22007E7903 /* Debug */,
				829645771B752C22007E7903 /* Release */,
			);
			defaultConfigurationIsVisible = 0;
		};
		829645781B752C22007E7903 /* Build configuration list for PBXNativeTarget "tickleAppTests" */ = {
			isa = XCConfigurationList;
			buildConfigurations = (
				829645791B752C22007E7903 /* Debug */,
				8296457A1B752C22007E7903 /* Release */,
			);
			defaultConfigurationIsVisible = 0;
		};
/* End XCConfigurationList section */
	};
	rootObject = 8296454E1B752C22007E7903 /* Project object */;
}
